Microsoft Visual Studio Solution File, Format Version 11.00
# Visual Studio 2008

Project("{E471B231-E77F-A6E2-C9FB-4FD17ED7541D}") = "GameMarioLike", "Assembly-CSharp.csproj", "{355F9A81-A194-5EA4-4661-4F2856FABA23}"
EndProject
Global
	GlobalSection(SolutionConfigurationPlatforms) = preSolution
		Debug|Any CPU = Debug|Any CPU
		Release|Any CPU = Release|Any CPU
	EndGlobalSection
	GlobalSection(ProjectConfigurationPlatforms) = postSolution
		{355F9A81-A194-5EA4-4661-4F2856FABA23}.Debug|Any CPU.ActiveCfg = Debug|Any CPU
		{355F9A81-A194-5EA4-4661-4F2856FABA23}.Debug|Any CPU.Build.0 = Debug|Any CPU
		{355F9A81-A194-5EA4-4661-4F2856FABA23}.Release|Any CPU.ActiveCfg = Release|Any CPU
		{355F9A81-A194-5EA4-4661-4F2856FABA23}.Release|Any CPU.Build.0 = Release|Any CPU
	EndGlobalSection
	GlobalSection(SolutionProperties) = preSolution
		HideSolutionNode = FALSE
	EndGlobalSection
	GlobalSection(MonoDevelopProperties) = preSolution
		StartupItem = Assembly-CSharp.csproj
	EndGlobalSection
EndGlobal
